<?xml version="1.0" encoding="utf-8"?>
<Project ToolsVersion="4.0" xmlns="http://schemas.microsoft.com/developer/msbuild/2003">
  <ItemGroup>
    <ClCompile Include="pch.cpp" />
    <ClCompile Include="Game.cpp" />
    <ClCompile Include="GameWorld.cpp" />
    <ClCompile Include="Movement\MovementInputFunctionality.cpp" />
    <ClCompile Include="Player\PlayerControllerFunctionality.cpp" />
    <ClCompile Include="Movement\DefaultMovementFunctionality.cpp" />
    <ClCompile Include="Enemy\EnemyControllerFunctionality.cpp" />
    <ClCompile Include="Enemy\TargetFunctionality.cpp" />
    <ClCompile Include="Weapons\WeaponProperty\WeaponProperty.cpp" />
    <ClCompile Include="Weapons\MeleeWeaponUserFunctionality.cpp" />
    <ClCompile Include="Weapons\MeleeWeapon.cpp" />
    <ClCompile Include="Weapons\MeleeWeaponFunctionality.cpp" />
    <ClCompile Include="Actions\ActionFunctionality.cpp" />
    <ClCompile Include="Weapons\WeaponSwingAction.cpp" />
    <ClCompile Include="Designers\MeleeWeaponDesigner\MeleeWeaponDesigner.cpp" />
    <ClCompile Include="Designers\LevelDesigner\LevelDesigner.cpp" />
    <ClCompile Include="Character\CharacterFunctionality.cpp" />
    <ClCompile Include="Levels\LevelPortalFunctionality.cpp" />
    <ClCompile Include="Movement\SpinnerFunctionality.cpp" />
    <ClCompile Include="Enemy\EnemyActions\TackleAction.cpp" />
    <ClCompile Include="Physics\StaticGeometryFunctionality.cpp" />
    <ClCompile Include="Camera\CameraFunctionality.cpp" />
    <ClCompile Include="Designers\LevelDesigner\Geometry\Polygon.cpp" />
    <ClCompile Include="Designers\LevelDesigner\Geometry\PolygonOperators\PolygonFloatingPointOperator.cpp" />
    <ClCompile Include="Designers\LevelDesigner\Geometry\PolygonOperators\PolygonPointOperator.cpp" />
    <ClCompile Include="Designers\LevelDesigner\Geometry\PolygonOperators\PolygonSideOperator.cpp" />
  </ItemGroup>
  <ItemGroup>
    <ClInclude Include="GameWorld.h" />
    <ClInclude Include="Movement\MovementInputFunctionality.h" />
    <ClInclude Include="Player\PlayerControllerFunctionality.h" />
    <ClInclude Include="Movement\DefaultMovementFunctionality.h" />
    <ClInclude Include="Enemy\EnemyControllerFunctionality.h" />
    <ClInclude Include="Enemy\TargetFunctionality.h" />
    <ClInclude Include="Enemy\EnemyControllerComponent.h" />
    <ClInclude Include="Weapons\WeaponProperty\WeaponProperty.h" />
    <ClInclude Include="Weapons\MeleeWeaponUserFunctionality.h" />
    <ClInclude Include="Weapons\MeleeWeapon.h" />
    <ClInclude Include="Weapons\MeleeWeaponFunctionality.h" />
    <ClInclude Include="Weapons\WeaponSwing.h" />
    <ClInclude Include="Game.h" />
    <ClInclude Include="Actions\ActionFunctionality.h" />
    <ClInclude Include="Actions\Action.h" />
    <ClInclude Include="Weapons\WeaponSwingAction.h" />
    <ClInclude Include="Designers\MeleeWeaponDesigner\MeleeWeaponDesigner.h" />
    <ClInclude Include="Designers\LevelDesigner\LevelDesigner.h" />
    <ClInclude Include="Levels\Level.h" />
    <ClInclude Include="Character\CharacterFunctionality.h" />
    <ClInclude Include="Levels\LevelPortalFunctionality.h" />
    <ClInclude Include="Movement\SpinnerFunctionality.h" />
    <ClInclude Include="Enemy\EnemyActions\TackleAction.h" />
    <ClInclude Include="Physics\StaticGeometryFunctionality.h" />
    <ClInclude Include="Camera\CameraFunctionality.h" />
    <ClInclude Include="Designers\LevelDesigner\Geometry\Polygon.h" />
    <ClInclude Include="Designers\LevelDesigner\Geometry\PolygonOperators\PolygonSideOperator.h" />
    <ClInclude Include="Designers\LevelDesigner\Geometry\PolygonOperators\PolygonFloatingPointOperator.h" />
    <ClInclude Include="Designers\LevelDesigner\Geometry\PolygonOperators\PolygonPointOperator.h" />
    <ClInclude Include="Designers\LevelDesigner\Geometry\PolygonOperators\PolygonOperators.h" />
  </ItemGroup>
</Project>