<?xml version="1.0" encoding="utf-8"?>
<Project ToolsVersion="4.0" xmlns="http://schemas.microsoft.com/developer/msbuild/2003">
  <ItemGroup>
    <ClCompile Include="pch.cpp" />
    <ClCompile Include="Game.cpp" />
    <ClCompile Include="GameWorld.cpp" />
    <ClCompile Include="Movement\MovementInputFunctionality.cpp" />
    <ClCompile Include="Player\PlayerControllerFunctionality.cpp" />
    <ClCompile Include="Movement\DefaultMovementFunctionality.cpp" />
    <ClCompile Include="Enemy\EnemyControllerFunctionality.cpp" />
    <ClCompile Include="Enemy\TargetFunctionality.cpp" />
    <ClCompile Include="Weapons\WeaponProperty\WeaponProperty.cpp" />
    <ClCompile Include="Weapons\MeleeWeaponUserFunctionality.cpp" />
    <ClCompile Include="Weapons\MeleeWeapon.cpp" />
    <ClCompile Include="Actions\ActionFunctionality.cpp" />
    <ClCompile Include="Designers\MeleeWeaponDesigner\MeleeWeaponDesigner.cpp" />
    <ClCompile Include="Designers\LevelDesigner\LevelDesigner.cpp" />
    <ClCompile Include="Character\CharacterFunctionality.cpp" />
    <ClCompile Include="Movement\SpinnerFunctionality.cpp" />
    <ClCompile Include="Physics\StaticGeometryFunctionality.cpp" />
    <ClCompile Include="Camera\CameraFunctionality.cpp" />
    <ClCompile Include="Designers\LevelDesigner\Geometry\Polygon.cpp" />
    <ClCompile Include="Designers\LevelDesigner\Geometry\PolygonOperators\PolygonFloatingPointOperator.cpp" />
    <ClCompile Include="Designers\LevelDesigner\Geometry\PolygonOperators\PolygonPointOperator.cpp" />
    <ClCompile Include="Designers\LevelDesigner\Geometry\PolygonOperators\PolygonSideOperator.cpp" />
    <ClCompile Include="Character\Stats\CharacterStatsFunctionality.cpp" />
    <ClCompile Include="Character\Buffs\CharacterBuffsFunctionality.cpp" />
    <ClCompile Include="Character\Buffs\Buff.cpp" />
    <ClCompile Include="Designers\BuffDesigner\BuffDesigner.cpp" />
    <ClCompile Include="Character\Buffs\BuffProperties.cpp" />
    <ClCompile Include="Character\Buffs\LifetimeBuffProperty\BuffLifetimeProperty.cpp" />
    <ClCompile Include="Character\Buffs\TimedTickBuffProperty\BuffTimedTickProperty.cpp" />
    <ClCompile Include="Character\Buffs\StatChangeProperty\BuffStatChangeProperty.cpp" />
    <ClCompile Include="Character\Effects\CharacterEffect.cpp" />
    <ClCompile Include="Designers\EffectDesigner\EffectDesigner.cpp" />
    <ClCompile Include="Levels\BuffGiver\BuffGiverFunctionality.cpp" />
    <ClCompile Include="Levels\BuffGiver\BuffGiverRenderObject.cpp" />
    <ClCompile Include="Levels\LevelPortalFunctionality.cpp" />
    <ClCompile Include="Levels\LevelFunctionality.cpp" />
    <ClCompile Include="Levels\LevelDenizenFunctionality.cpp" />
    <ClCompile Include="UtilityFunctionalities\TimeToLiveFunctionality.cpp" />
    <ClCompile Include="HitShapes\HitShapeFunctionality.cpp" />
    <ClCompile Include="Enemy\EnemyActions\PunchAction.cpp" />
    <ClCompile Include="HitShapes\HitShapeSpawnerFunctionality.cpp" />
    <ClCompile Include="HitShapes\HitShapeRenderObject.cpp" />
    <ClCompile Include="UtilityFunctionalities\FactionFunctionality.cpp" />
    <ClCompile Include="Weapons\WeaponSwingHitShapeAction.cpp" />
    <ClCompile Include="Physics\Navmesh\Navmesh.cpp" />
    <ClCompile Include="Physics\Navmesh\NavmeshFunctionality.cpp" />
    <ClCompile Include="Physics\Navmesh\NavmeshRenderObject.cpp" />
    <ClCompile Include="UtilityFunctionalities\LineOfSightFunctionality.cpp" />
    <ClCompile Include="Rendering\Vision\VisionFunctionality.cpp" />
    <ClCompile Include="Rendering\Vision\VisionRenderObject.cpp" />
    <ClCompile Include="Designers\NewDesigners\Attribute\Attribute.cpp" />
    <ClCompile Include="Designers\NewDesigners\Designer\Designer.cpp" />
    <ClCompile Include="Designers\NewDesigners\Operation\Operation.cpp" />
    <ClCompile Include="Designers\NewDesigners\Sketch\Sketch.cpp" />
    <ClCompile Include="Designers\NewDesigners\MeleeWeaponDesigner2\MeleeWeaponDesigner2.cpp" />
    <ClCompile Include="Designers\NewDesigners\MovesetDesigner\MovesetDesigner.cpp" />
    <ClCompile Include="Designers\NewDesigners\MeleeWeaponDesigner2\MeleeWeaponOperations\MeleeWeaponOperations.cpp" />
    <ClCompile Include="Designers\NewDesigners\MovesetDesigner\MovesetOperations\MovesetOperations.cpp" />
    <ClCompile Include="Designers\NewDesigners\MeleeWeaponDesigner2\MeleeWeaponAttributes\MeleeWeaponAttributes.cpp" />
    <ClCompile Include="Designers\NewDesigners\MovesetDesigner\SwingDesigner\SwingDesigner.cpp" />
    <ClCompile Include="Designers\NewDesigners\MovesetDesigner\SwingDesigner\SwingOperations\SwingOperations.cpp" />
    <ClCompile Include="Designers\NewDesigners\BezierDesigner\BezierDesigner.cpp" />
    <ClCompile Include="Designers\NewDesigners\BezierDesigner\BezierOperations.cpp" />
    <ClCompile Include="Designers\NewDesigners\EnemyDesigner\EnemyDesigner.cpp" />
    <ClCompile Include="Designers\NewDesigners\EnemyDesigner\Operations\EnemyOperations.cpp" />
  </ItemGroup>
  <ItemGroup>
    <ClInclude Include="GameWorld.h" />
    <ClInclude Include="Movement\MovementInputFunctionality.h" />
    <ClInclude Include="Player\PlayerControllerFunctionality.h" />
    <ClInclude Include="Movement\DefaultMovementFunctionality.h" />
    <ClInclude Include="Enemy\EnemyControllerFunctionality.h" />
    <ClInclude Include="Enemy\TargetFunctionality.h" />
    <ClInclude Include="Enemy\EnemyControllerComponent.h" />
    <ClInclude Include="Weapons\WeaponProperty\WeaponProperty.h" />
    <ClInclude Include="Weapons\MeleeWeaponUserFunctionality.h" />
    <ClInclude Include="Weapons\MeleeWeapon.h" />
    <ClInclude Include="Weapons\WeaponSwing.h" />
    <ClInclude Include="Game.h" />
    <ClInclude Include="Actions\ActionFunctionality.h" />
    <ClInclude Include="Actions\Action.h" />
    <ClInclude Include="Designers\MeleeWeaponDesigner\MeleeWeaponDesigner.h" />
    <ClInclude Include="Designers\LevelDesigner\LevelDesigner.h" />
    <ClInclude Include="Character\CharacterFunctionality.h" />
    <ClInclude Include="Movement\SpinnerFunctionality.h" />
    <ClInclude Include="Physics\StaticGeometryFunctionality.h" />
    <ClInclude Include="Camera\CameraFunctionality.h" />
    <ClInclude Include="Designers\LevelDesigner\Geometry\Polygon.h" />
    <ClInclude Include="Designers\LevelDesigner\Geometry\PolygonOperators\PolygonSideOperator.h" />
    <ClInclude Include="Designers\LevelDesigner\Geometry\PolygonOperators\PolygonFloatingPointOperator.h" />
    <ClInclude Include="Designers\LevelDesigner\Geometry\PolygonOperators\PolygonPointOperator.h" />
    <ClInclude Include="Designers\LevelDesigner\Geometry\PolygonOperators\PolygonOperators.h" />
    <ClInclude Include="Character\Stats\CharacterStatsFunctionality.h" />
    <ClInclude Include="Character\Buffs\CharacterBuffsFunctionality.h" />
    <ClInclude Include="Character\Buffs\Buff.h" />
    <ClInclude Include="Designers\BuffDesigner\BuffDesigner.h" />
    <ClInclude Include="Character\Buffs\BuffProperties.h" />
    <ClInclude Include="Character\Buffs\LifetimeBuffProperty\BuffLifetimeProperty.h" />
    <ClInclude Include="Character\Buffs\TimedTickBuffProperty\BuffTimedTickProperty.h" />
    <ClInclude Include="Character\Buffs\StatChangeProperty\BuffStatChangeProperty.h" />
    <ClInclude Include="Character\Effects\CharacterEffect.h" />
    <ClInclude Include="Designers\EffectDesigner\EffectDesigner.h" />
    <ClInclude Include="Levels\BuffGiver\BuffGiverFunctionality.h" />
    <ClInclude Include="Levels\BuffGiver\BuffGiverRenderObject.h" />
    <ClInclude Include="Levels\LevelPortalFunctionality.h" />
    <ClInclude Include="Levels\LevelFunctionality.h" />
    <ClInclude Include="Levels\LevelDenizenFunctionality.h" />
    <ClInclude Include="UtilityFunctionalities\TimeToLiveFunctionality.h" />
    <ClInclude Include="HitShapes\HitShapeFunctionality.h" />
    <ClInclude Include="Enemy\EnemyActions\PunchAction.h" />
    <ClInclude Include="HitShapes\HitShapeSpawnerFunctionality.h" />
    <ClInclude Include="HitShapes\HitShapeRenderObject.h" />
    <ClInclude Include="UtilityFunctionalities\FactionFunctionality.h" />
    <ClInclude Include="Weapons\WeaponSwingHitShapeAction.h" />
    <ClInclude Include="Physics\Navmesh\NavmeshFunctionality.h" />
    <ClInclude Include="Physics\Navmesh\Navmesh.h" />
    <ClInclude Include="Physics\Navmesh\NavmeshRenderObject.h" />
    <ClInclude Include="Utility\Palette.h" />
    <ClInclude Include="UtilityFunctionalities\LineOfSightFunctionality.h" />
    <ClInclude Include="Rendering\Vision\VisionFunctionality.h" />
    <ClInclude Include="Rendering\Vision\VisionRenderObject.h" />
    <ClInclude Include="Designers\NewDesigners\Attribute\Attribute.h" />
    <ClInclude Include="Designers\NewDesigners\Designer\Designer.h" />
    <ClInclude Include="Designers\NewDesigners\Operation\Operation.h" />
    <ClInclude Include="Designers\NewDesigners\Sketch\Sketch.h" />
    <ClInclude Include="Designers\NewDesigners\MeleeWeaponDesigner2\MeleeWeaponDesigner2.h" />
    <ClInclude Include="Designers\NewDesigners\MovesetDesigner\MovesetDesigner.h" />
    <ClInclude Include="Designers\NewDesigners\MovesetDesigner\Moveset.h" />
    <ClInclude Include="Designers\NewDesigners\MeleeWeaponDesigner2\MeleeWeaponOperations\MeleeWeaponOperations.h" />
    <ClInclude Include="Designers\NewDesigners\MovesetDesigner\MovesetOperations\MovesetOperations.h" />
    <ClInclude Include="Designers\NewDesigners\MeleeWeaponDesigner2\MeleeWeaponAttributes\MeleeWeaponAttributes.h" />
    <ClInclude Include="Designers\NewDesigners\MovesetDesigner\SwingDesigner\SwingDesigner.h" />
    <ClInclude Include="Designers\NewDesigners\MovesetDesigner\SwingDesigner\SwingOperations\SwingOperations.h" />
    <ClInclude Include="Designers\NewDesigners\MovesetDesigner\SwingDesigner\SwingAttributes\SwingAttributes.h" />
    <ClInclude Include="Designers\NewDesigners\MovesetDesigner\MovesetAttributes.h" />
    <ClInclude Include="Designers\NewDesigners\BezierDesigner\BezierDesigner.h" />
    <ClInclude Include="Designers\NewDesigners\BezierDesigner\BezierAttributes.h" />
    <ClInclude Include="Designers\NewDesigners\BezierDesigner\BezierOperations.h" />
    <ClInclude Include="Designers\NewDesigners\EnemyDesigner\EnemyDesigner.h" />
    <ClInclude Include="Designers\NewDesigners\EnemyDesigner\Operations\EnemyOperations.h" />
    <ClInclude Include="Designers\NewDesigners\EnemyDesigner\Attributes\EnemyAttribute.h" />
  </ItemGroup>
  <ItemGroup>
    <None Include="Character\Buffs\BuffDesign.md" />
    <None Include="Designers\BuffDesigner\BuffDesignerPhilosophy.md" />
    <None Include="Designers\DesignerPhilosophy.md" />
    <None Include="Character\Effects\CharacterEffectPhilosophy.md" />
    <None Include="Designers\EffectDesigner\EffectDesignerPhilosophy.md" />
    <None Include="HitShapes\Hitshapes.md" />
  </ItemGroup>
</Project>