
Microsoft Visual Studio Solution File, Format Version 12.00
# Visual Studio Version 16
VisualStudioVersion = 16.0.29102.190
MinimumVisualStudioVersion = 10.0.40219.1
Project("{8BC9CEB8-8B4A-11D0-8D11-00A0C91BC942}") = "WonderMake", "WonderMake\WonderMake.vcxproj", "{BB396F7D-1134-4DAE-B855-1CA77A2B0C04}"
	ProjectSection(ProjectDependencies) = postProject
		{F13FCA88-2695-4B4F-AA6F-B7525C07155F} = {F13FCA88-2695-4B4F-AA6F-B7525C07155F}
	EndProjectSection
EndProject
Project("{8BC9CEB8-8B4A-11D0-8D11-00A0C91BC942}") = "Game", "Game\Game.vcxproj", "{77E9F800-69E1-4F4A-ADFC-6344830A711B}"
	ProjectSection(ProjectDependencies) = postProject
		{BB396F7D-1134-4DAE-B855-1CA77A2B0C04} = {BB396F7D-1134-4DAE-B855-1CA77A2B0C04}
	EndProjectSection
EndProject
Project("{8BC9CEB8-8B4A-11D0-8D11-00A0C91BC942}") = "Imgui", "Imgui\Imgui.vcxproj", "{F13FCA88-2695-4B4F-AA6F-B7525C07155F}"
EndProject
Project("{8BC9CEB8-8B4A-11D0-8D11-00A0C91BC942}") = "WonderMakeLauncher", "WonderMakeLauncher\WonderMakeLauncher.vcxproj", "{588CDA10-6764-4CA5-BB88-E2FD2F7561DE}"
EndProject
Project("{8BC9CEB8-8B4A-11D0-8D11-00A0C91BC942}") = "WonderMakeTests", "WonderMakeTests\WonderMakeTests.vcxproj", "{C10C0693-7158-4D39-892B-574A1377E242}"
EndProject
Project("{8BC9CEB8-8B4A-11D0-8D11-00A0C91BC942}") = "FletcheretteLauncher", "..\FletcheretteLauncher\FletcheretteLauncher.vcxproj", "{9E575EA1-12C7-44ED-A489-16194BC0AEA0}"
	ProjectSection(ProjectDependencies) = postProject
		{F28CF679-1D5C-4A1A-964A-EF73803C8A76} = {F28CF679-1D5C-4A1A-964A-EF73803C8A76}
		{BB396F7D-1134-4DAE-B855-1CA77A2B0C04} = {BB396F7D-1134-4DAE-B855-1CA77A2B0C04}
	EndProjectSection
EndProject
Project("{8BC9CEB8-8B4A-11D0-8D11-00A0C91BC942}") = "Fletcherette", "..\Fletcherette\Fletcherette.vcxproj", "{F28CF679-1D5C-4A1A-964A-EF73803C8A76}"
	ProjectSection(ProjectDependencies) = postProject
		{BB396F7D-1134-4DAE-B855-1CA77A2B0C04} = {BB396F7D-1134-4DAE-B855-1CA77A2B0C04}
	EndProjectSection
EndProject
Global
	GlobalSection(SolutionConfigurationPlatforms) = preSolution
		Debug|x64 = Debug|x64
		Debug|x86 = Debug|x86
		Release|x64 = Release|x64
		Release|x86 = Release|x86
	EndGlobalSection
	GlobalSection(ProjectConfigurationPlatforms) = postSolution
		{BB396F7D-1134-4DAE-B855-1CA77A2B0C04}.Debug|x64.ActiveCfg = Debug|x64
		{BB396F7D-1134-4DAE-B855-1CA77A2B0C04}.Debug|x64.Build.0 = Debug|x64
		{BB396F7D-1134-4DAE-B855-1CA77A2B0C04}.Debug|x86.ActiveCfg = Debug|Win32
		{BB396F7D-1134-4DAE-B855-1CA77A2B0C04}.Debug|x86.Build.0 = Debug|Win32
		{BB396F7D-1134-4DAE-B855-1CA77A2B0C04}.Release|x64.ActiveCfg = Release|x64
		{BB396F7D-1134-4DAE-B855-1CA77A2B0C04}.Release|x64.Build.0 = Release|x64
		{BB396F7D-1134-4DAE-B855-1CA77A2B0C04}.Release|x86.ActiveCfg = Release|Win32
		{BB396F7D-1134-4DAE-B855-1CA77A2B0C04}.Release|x86.Build.0 = Release|Win32
		{77E9F800-69E1-4F4A-ADFC-6344830A711B}.Debug|x64.ActiveCfg = Debug|x64
		{77E9F800-69E1-4F4A-ADFC-6344830A711B}.Debug|x64.Build.0 = Debug|x64
		{77E9F800-69E1-4F4A-ADFC-6344830A711B}.Debug|x86.ActiveCfg = Debug|Win32
		{77E9F800-69E1-4F4A-ADFC-6344830A711B}.Debug|x86.Build.0 = Debug|Win32
		{77E9F800-69E1-4F4A-ADFC-6344830A711B}.Release|x64.ActiveCfg = Release|x64
		{77E9F800-69E1-4F4A-ADFC-6344830A711B}.Release|x64.Build.0 = Release|x64
		{77E9F800-69E1-4F4A-ADFC-6344830A711B}.Release|x86.ActiveCfg = Release|Win32
		{77E9F800-69E1-4F4A-ADFC-6344830A711B}.Release|x86.Build.0 = Release|Win32
		{F13FCA88-2695-4B4F-AA6F-B7525C07155F}.Debug|x64.ActiveCfg = Debug|x64
		{F13FCA88-2695-4B4F-AA6F-B7525C07155F}.Debug|x64.Build.0 = Debug|x64
		{F13FCA88-2695-4B4F-AA6F-B7525C07155F}.Debug|x86.ActiveCfg = Debug|Win32
		{F13FCA88-2695-4B4F-AA6F-B7525C07155F}.Debug|x86.Build.0 = Debug|Win32
		{F13FCA88-2695-4B4F-AA6F-B7525C07155F}.Release|x64.ActiveCfg = Release|x64
		{F13FCA88-2695-4B4F-AA6F-B7525C07155F}.Release|x64.Build.0 = Release|x64
		{F13FCA88-2695-4B4F-AA6F-B7525C07155F}.Release|x86.ActiveCfg = Release|Win32
		{F13FCA88-2695-4B4F-AA6F-B7525C07155F}.Release|x86.Build.0 = Release|Win32
		{588CDA10-6764-4CA5-BB88-E2FD2F7561DE}.Debug|x64.ActiveCfg = Debug|x64
		{588CDA10-6764-4CA5-BB88-E2FD2F7561DE}.Debug|x64.Build.0 = Debug|x64
		{588CDA10-6764-4CA5-BB88-E2FD2F7561DE}.Debug|x86.ActiveCfg = Debug|Win32
		{588CDA10-6764-4CA5-BB88-E2FD2F7561DE}.Debug|x86.Build.0 = Debug|Win32
		{588CDA10-6764-4CA5-BB88-E2FD2F7561DE}.Release|x64.ActiveCfg = Release|x64
		{588CDA10-6764-4CA5-BB88-E2FD2F7561DE}.Release|x64.Build.0 = Release|x64
		{588CDA10-6764-4CA5-BB88-E2FD2F7561DE}.Release|x86.ActiveCfg = Release|Win32
		{588CDA10-6764-4CA5-BB88-E2FD2F7561DE}.Release|x86.Build.0 = Release|Win32
		{C10C0693-7158-4D39-892B-574A1377E242}.Debug|x64.ActiveCfg = Debug|x64
		{C10C0693-7158-4D39-892B-574A1377E242}.Debug|x64.Build.0 = Debug|x64
		{C10C0693-7158-4D39-892B-574A1377E242}.Debug|x86.ActiveCfg = Debug|Win32
		{C10C0693-7158-4D39-892B-574A1377E242}.Debug|x86.Build.0 = Debug|Win32
		{C10C0693-7158-4D39-892B-574A1377E242}.Release|x64.ActiveCfg = Release|x64
		{C10C0693-7158-4D39-892B-574A1377E242}.Release|x64.Build.0 = Release|x64
		{C10C0693-7158-4D39-892B-574A1377E242}.Release|x86.ActiveCfg = Release|Win32
		{C10C0693-7158-4D39-892B-574A1377E242}.Release|x86.Build.0 = Release|Win32
		{9E575EA1-12C7-44ED-A489-16194BC0AEA0}.Debug|x64.ActiveCfg = Debug|x64
		{9E575EA1-12C7-44ED-A489-16194BC0AEA0}.Debug|x64.Build.0 = Debug|x64
		{9E575EA1-12C7-44ED-A489-16194BC0AEA0}.Debug|x86.ActiveCfg = Debug|Win32
		{9E575EA1-12C7-44ED-A489-16194BC0AEA0}.Debug|x86.Build.0 = Debug|Win32
		{9E575EA1-12C7-44ED-A489-16194BC0AEA0}.Release|x64.ActiveCfg = Release|x64
		{9E575EA1-12C7-44ED-A489-16194BC0AEA0}.Release|x64.Build.0 = Release|x64
		{9E575EA1-12C7-44ED-A489-16194BC0AEA0}.Release|x86.ActiveCfg = Release|Win32
		{9E575EA1-12C7-44ED-A489-16194BC0AEA0}.Release|x86.Build.0 = Release|Win32
		{F28CF679-1D5C-4A1A-964A-EF73803C8A76}.Debug|x64.ActiveCfg = Debug|x64
		{F28CF679-1D5C-4A1A-964A-EF73803C8A76}.Debug|x64.Build.0 = Debug|x64
		{F28CF679-1D5C-4A1A-964A-EF73803C8A76}.Debug|x86.ActiveCfg = Debug|Win32
		{F28CF679-1D5C-4A1A-964A-EF73803C8A76}.Debug|x86.Build.0 = Debug|Win32
		{F28CF679-1D5C-4A1A-964A-EF73803C8A76}.Release|x64.ActiveCfg = Release|x64
		{F28CF679-1D5C-4A1A-964A-EF73803C8A76}.Release|x64.Build.0 = Release|x64
		{F28CF679-1D5C-4A1A-964A-EF73803C8A76}.Release|x86.ActiveCfg = Release|Win32
		{F28CF679-1D5C-4A1A-964A-EF73803C8A76}.Release|x86.Build.0 = Release|Win32
	EndGlobalSection
	GlobalSection(SolutionProperties) = preSolution
		HideSolutionNode = FALSE
	EndGlobalSection
	GlobalSection(ExtensibilityGlobals) = postSolution
		SolutionGuid = {DE660867-4F2A-4FDD-94A5-1CD4E7FC6900}
	EndGlobalSection
EndGlobal
