
Microsoft Visual Studio Solution File, Format Version 12.00
# Visual Studio 15
VisualStudioVersion = 15.0.27703.2000
MinimumVisualStudioVersion = 10.0.40219.1
Project("{8BC9CEB8-8B4A-11D0-8D11-00A0C91BC942}") = "WonderMake", "WonderMake\WonderMake.vcxproj", "{BB396F7D-1134-4DAE-B855-1CA77A2B0C04}"
EndProject
Project("{8BC9CEB8-8B4A-11D0-8D11-00A0C91BC942}") = "Game", "Game\Game.vcxproj", "{77E9F800-69E1-4F4A-ADFC-6344830A711B}"
	ProjectSection(ProjectDependencies) = postProject
		{BB396F7D-1134-4DAE-B855-1CA77A2B0C04} = {BB396F7D-1134-4DAE-B855-1CA77A2B0C04}
	EndProjectSection
EndProject
Global
	GlobalSection(SolutionConfigurationPlatforms) = preSolution
		Debug|x64 = Debug|x64
		Debug|x86 = Debug|x86
		Release|x64 = Release|x64
		Release|x86 = Release|x86
	EndGlobalSection
	GlobalSection(ProjectConfigurationPlatforms) = postSolution
		{BB396F7D-1134-4DAE-B855-1CA77A2B0C04}.Debug|x64.ActiveCfg = Debug|x64
		{BB396F7D-1134-4DAE-B855-1CA77A2B0C04}.Debug|x64.Build.0 = Debug|x64
		{BB396F7D-1134-4DAE-B855-1CA77A2B0C04}.Debug|x86.ActiveCfg = Debug|Win32
		{BB396F7D-1134-4DAE-B855-1CA77A2B0C04}.Debug|x86.Build.0 = Debug|Win32
		{BB396F7D-1134-4DAE-B855-1CA77A2B0C04}.Release|x64.ActiveCfg = Release|x64
		{BB396F7D-1134-4DAE-B855-1CA77A2B0C04}.Release|x64.Build.0 = Release|x64
		{BB396F7D-1134-4DAE-B855-1CA77A2B0C04}.Release|x86.ActiveCfg = Release|Win32
		{BB396F7D-1134-4DAE-B855-1CA77A2B0C04}.Release|x86.Build.0 = Release|Win32
		{77E9F800-69E1-4F4A-ADFC-6344830A711B}.Debug|x64.ActiveCfg = Debug|x64
		{77E9F800-69E1-4F4A-ADFC-6344830A711B}.Debug|x64.Build.0 = Debug|x64
		{77E9F800-69E1-4F4A-ADFC-6344830A711B}.Debug|x86.ActiveCfg = Debug|Win32
		{77E9F800-69E1-4F4A-ADFC-6344830A711B}.Debug|x86.Build.0 = Debug|Win32
		{77E9F800-69E1-4F4A-ADFC-6344830A711B}.Release|x64.ActiveCfg = Release|x64
		{77E9F800-69E1-4F4A-ADFC-6344830A711B}.Release|x64.Build.0 = Release|x64
		{77E9F800-69E1-4F4A-ADFC-6344830A711B}.Release|x86.ActiveCfg = Release|Win32
		{77E9F800-69E1-4F4A-ADFC-6344830A711B}.Release|x86.Build.0 = Release|Win32
	EndGlobalSection
	GlobalSection(SolutionProperties) = preSolution
		HideSolutionNode = FALSE
	EndGlobalSection
	GlobalSection(ExtensibilityGlobals) = postSolution
		SolutionGuid = {DE660867-4F2A-4FDD-94A5-1CD4E7FC6900}
	EndGlobalSection
EndGlobal
