<?xml version="1.0" encoding="utf-8"?>
<Project ToolsVersion="4.0" xmlns="http://schemas.microsoft.com/developer/msbuild/2003">
  <ItemGroup>
    <ClCompile Include="..\External\gtest-1.11.0\Src\src\gtest-all.cc">
      <Filter>Source</Filter>
    </ClCompile>
    <ClCompile Include="..\External\gmock-1.11.0\Src\src\gmock-all.cc">
      <Filter>Source</Filter>
    </ClCompile>
    <ClCompile Include="..\External\gtest-1.11.0\Src\src\gtest_main.cc">
      <Filter>Source</Filter>
    </ClCompile>
    <ClCompile Include="..\WonderMakeEngine\Source\WinEventSystemImpl.cpp">
      <Filter>Source</Filter>
    </ClCompile>
    <ClCompile Include="WinEventSystemImplTests.cpp">
      <Filter>Tests</Filter>
    </ClCompile>
    <ClCompile Include="..\WonderMakeEngine\Source\WinProcess.cpp">
      <Filter>Source</Filter>
    </ClCompile>
    <ClCompile Include="WinProcessTests.cpp">
      <Filter>Tests</Filter>
    </ClCompile>
    <ClCompile Include="WinProcessSystemTests.cpp">
      <Filter>Tests</Filter>
    </ClCompile>
    <ClCompile Include="..\WonderMakeEngine\Source\WinProcessSystem.cpp">
      <Filter>Source</Filter>
    </ClCompile>
    <ClCompile Include="..\WonderMakeEngine\Source\Logger.cpp">
      <Filter>Source</Filter>
    </ClCompile>
    <ClCompile Include="LoggerTests.cpp">
      <Filter>Tests</Filter>
    </ClCompile>
    <ClCompile Include="..\WonderMakeBase\Source\Time.cpp">
      <Filter>Source</Filter>
    </ClCompile>
  </ItemGroup>
  <ItemGroup>
    <Filter Include="Include">
      <UniqueIdentifier>{6b3cf9e4-c891-4c3a-b32f-0b512a6fee06}</UniqueIdentifier>
    </Filter>
    <Filter Include="Tests">
      <UniqueIdentifier>{2ed6a7e7-3736-4a61-9fc7-fb839642a50b}</UniqueIdentifier>
    </Filter>
    <Filter Include="Source">
      <UniqueIdentifier>{0e8f5009-8a31-477a-8ee1-e622a09107fc}</UniqueIdentifier>
    </Filter>
  </ItemGroup>
  <ItemGroup>
    <ClInclude Include="..\WonderMakeEngine\Include\WonderMakeEngine\WinEventSystem.h">
      <Filter>Include</Filter>
    </ClInclude>
    <ClInclude Include="..\WonderMakeEngine\Include\WonderMakeEngine\WinPlatformSystem.h">
      <Filter>Include</Filter>
    </ClInclude>
    <ClInclude Include="..\WonderMakeEngine\Include\WonderMakeEngine\SystemGlobal.h">
      <Filter>Include</Filter>
    </ClInclude>
    <ClInclude Include="..\WonderMakeEngine\Include\WonderMakeEngine\Process.h">
      <Filter>Include</Filter>
    </ClInclude>
    <ClInclude Include="..\WonderMakeEngine\Source\WinProcessSystem.h">
      <Filter>Include</Filter>
    </ClInclude>
    <ClInclude Include="..\WonderMakeBase\Include\WonderMakeBase\Time.h">
      <Filter>Include</Filter>
    </ClInclude>
  </ItemGroup>
</Project>