<?xml version="1.0" encoding="utf-8"?>
<Project ToolsVersion="4.0" xmlns="http://schemas.microsoft.com/developer/msbuild/2003">
  <ItemGroup>
    <ClCompile Include="Main.cpp" />
    <ClCompile Include="Utilities\VectorTests.cpp" />
    <ClCompile Include="Utilities\RotationTests.cpp" />
    <ClCompile Include="Utilities\MatrixTests.cpp" />
    <ClCompile Include="Utilities\DependencyInjectionTests.cpp" />
    <ClCompile Include="ObjectsAndPolicies\PolicyTests.cpp" />
    <ClCompile Include="ObjectsAndPolicies\ObjectTests.cpp" />
    <ClCompile Include="Functionalities\TransformFunctionalityTests.cpp" />
    <ClCompile Include="Job\JobTests.cpp" />
    <ClCompile Include="ContainerTests.cpp" />
    <ClCompile Include="Utilities\UniqueFunctionTests.cpp" />
    <ClCompile Include="Utilities\AliasTests.cpp" />
    <ClCompile Include="Guid\GuidTests.cpp" />
    <ClCompile Include="Guid\WinGuidGeneratorSystemTests.cpp" />
    <ClCompile Include="FileSystem\WinFileSystemTests.cpp" />
    <ClCompile Include="FileSystem\ReadFileJobTests.cpp" />
    <ClCompile Include="ParseJsonJobTests.cpp" />
  </ItemGroup>
  <ItemGroup>
    <ClInclude Include="Job\JobMock.h" />
  </ItemGroup>
</Project>