<?xml version="1.0" encoding="utf-8"?>
<Project ToolsVersion="4.0" xmlns="http://schemas.microsoft.com/developer/msbuild/2003">
  <ItemGroup>
    <ClCompile Include="Main.cpp" />
    <ClCompile Include="pch.cpp" />
    <ClCompile Include="Registry\Register_ActionFunctionality.cpp" />
    <ClCompile Include="Registry\Register_CameraFunctionality.cpp" />
    <ClCompile Include="Registry\Register_CharacterAnimationFunctionality.cpp" />
    <ClCompile Include="Registry\Register_CharacterFunctionality.cpp" />
    <ClCompile Include="Registry\Register_CharacterSkeleton.cpp" />
    <ClCompile Include="Registry\Register_CollisionFunctionality.cpp" />
    <ClCompile Include="Registry\Register_DefaultMovementFunctionality.cpp" />
    <ClCompile Include="Registry\Register_EnemyControllerFunctionality.cpp" />
    <ClCompile Include="Registry\Register_ImpulseFunctionality.cpp" />
    <ClCompile Include="Registry\Register_LevelPortalFunctionality.cpp" />
    <ClCompile Include="Registry\Register_MeleeWeaponFunctionality.cpp" />
    <ClCompile Include="Registry\Register_MeleeWeaponUserFunctionality.cpp" />
    <ClCompile Include="Registry\Register_MovementInputFunctionality.cpp" />
    <ClCompile Include="Registry\Register_OwnerFunctionality.cpp" />
    <ClCompile Include="Registry\Register_PlayerControllerFunctionality.cpp" />
    <ClCompile Include="Registry\Register_SpinnerFunctionality.cpp" />
    <ClCompile Include="Registry\Register_SpriteComponent.cpp" />
    <ClCompile Include="Registry\Register_SpriteRenderingFunctionality.cpp" />
    <ClCompile Include="Registry\Register_StaticGeometryFunctionality.cpp" />
    <ClCompile Include="Registry\Register_TargetFunctionality.cpp" />
    <ClCompile Include="Registry\Register_TransformFunctionality.cpp" />
    <ClCompile Include="Registry\Registry.cpp" />
  </ItemGroup>
  <ItemGroup>
    <None Include="registryConfig.json" />
  </ItemGroup>
  <ItemGroup>
    <ClInclude Include="Registry\Register_ActionFunctionality.h" />
    <ClInclude Include="Registry\Register_CameraFunctionality.h" />
    <ClInclude Include="Registry\Register_CharacterAnimationFunctionality.h" />
    <ClInclude Include="Registry\Register_CharacterFunctionality.h" />
    <ClInclude Include="Registry\Register_CharacterSkeleton.h" />
    <ClInclude Include="Registry\Register_CollisionFunctionality.h" />
    <ClInclude Include="Registry\Register_DefaultMovementFunctionality.h" />
    <ClInclude Include="Registry\Register_EnemyControllerFunctionality.h" />
    <ClInclude Include="Registry\Register_ImpulseFunctionality.h" />
    <ClInclude Include="Registry\Register_LevelPortalFunctionality.h" />
    <ClInclude Include="Registry\Register_MeleeWeaponFunctionality.h" />
    <ClInclude Include="Registry\Register_MeleeWeaponUserFunctionality.h" />
    <ClInclude Include="Registry\Register_MovementInputFunctionality.h" />
    <ClInclude Include="Registry\Register_OwnerFunctionality.h" />
    <ClInclude Include="Registry\Register_PlayerControllerFunctionality.h" />
    <ClInclude Include="Registry\Register_SpinnerFunctionality.h" />
    <ClInclude Include="Registry\Register_SpriteComponent.h" />
    <ClInclude Include="Registry\Register_SpriteRenderingFunctionality.h" />
    <ClInclude Include="Registry\Register_StaticGeometryFunctionality.h" />
    <ClInclude Include="Registry\Register_TargetFunctionality.h" />
    <ClInclude Include="Registry\Register_TransformFunctionality.h" />
    <ClInclude Include="Registry\Registry.h" />
  </ItemGroup>
</Project>