<?xml version="1.0" encoding="utf-8"?>
<Project ToolsVersion="4.0" xmlns="http://schemas.microsoft.com/developer/msbuild/2003">
  <ItemGroup>
    <Filter Include="Include">
      <UniqueIdentifier>{3d6c0483-20ea-4207-a2a2-e4567099c9e6}</UniqueIdentifier>
    </Filter>
    <Filter Include="Source">
      <UniqueIdentifier>{920b9a07-8fcd-4214-a45c-6cb1becbc477}</UniqueIdentifier>
    </Filter>
  </ItemGroup>
  <ItemGroup>
    <ClInclude Include="Include\WonderMakeIo\IpcAcceptor.h">
      <Filter>Include</Filter>
    </ClInclude>
    <ClInclude Include="Include\WonderMakeIo\Socket.h">
      <Filter>Include</Filter>
    </ClInclude>
    <ClInclude Include="Include\WonderMakeIo\IpcSystem.h">
      <Filter>Include</Filter>
    </ClInclude>
    <ClInclude Include="Source\WinIpcSystem.h">
      <Filter>Source</Filter>
    </ClInclude>
    <ClInclude Include="Include\WonderMakeIo\IpcConnection.h">
      <Filter>Include</Filter>
    </ClInclude>
    <ClInclude Include="Source\WinIpcConnection.h">
      <Filter>Source</Filter>
    </ClInclude>
    <ClInclude Include="Source\WinIpcAcceptor.h">
      <Filter>Source</Filter>
    </ClInclude>
  </ItemGroup>
  <ItemGroup>
    <ClCompile Include="Source\WinIpcSystem.cpp">
      <Filter>Source</Filter>
    </ClCompile>
    <ClCompile Include="Source\WinIpcConnection.cpp">
      <Filter>Source</Filter>
    </ClCompile>
    <ClCompile Include="Source\WinIpcAcceptor.cpp">
      <Filter>Source</Filter>
    </ClCompile>
  </ItemGroup>
</Project>