<?xml version="1.0" encoding="utf-8"?>
<Project ToolsVersion="4.0" xmlns="http://schemas.microsoft.com/developer/msbuild/2003">
  <ItemGroup>
    <ClCompile Include="Utilities\BezierCurve.cpp" />
    <ClCompile Include="Camera\Camera.cpp" />
    <ClCompile Include="Collision\ColliderDebug.cpp" />
    <ClCompile Include="Collision\CollisionFunctionality.cpp" />
    <ClCompile Include="Collision\CollisionSystem.cpp" />
    <ClCompile Include="Debugging\DebugLineDrawer.cpp" />
    <ClCompile Include="Debugging\DebugLineRenderObject.cpp" />
    <ClCompile Include="Functionalities\OwnerFunctionality.cpp" />
    <ClCompile Include="Functionalities\TransformFunctionality.cpp" />
    <ClCompile Include="Input\InputSystem.cpp" />
    <ClCompile Include="Functionalities\ImpulseFunctionality.cpp" />
    <ClCompile Include="Object\ObjectImpulseRouter.cpp" />
    <ClCompile Include="Serialization\SerializationSystem.cpp" />
    <ClCompile Include="Utilities\Debugging\Debugged.cpp" />
    <ClCompile Include="FileSystem\ReadFileAsStringJob.cpp" />
    <ClCompile Include="Graphics\EngineUniformBuffer.cpp" />
    <ClCompile Include="Imgui\DockSpace.cpp" />
    <ClCompile Include="Logging\FileLogger.cpp" />
    <ClCompile Include="Logging\ImGuiLogger.cpp" />
    <ClCompile Include="Logging\ConsoleLogger.cpp" />
    <ClCompile Include="Functionalities\SpriteRenderingFunctionality.cpp" />
    <ClCompile Include="Object\Object.cpp" />
    <ClCompile Include="Program\Engine.cpp" />
    <ClCompile Include="Message\DispatchableBuffer.cpp" />
    <ClCompile Include="Graphics\RenderTarget.cpp" />
    <ClCompile Include="Graphics\ScreenPassRenderObject.cpp" />
    <ClCompile Include="System\SystemContainer.cpp" />
    <ClCompile Include="System\System.cpp" />
    <ClCompile Include="Graphics\Renderer.cpp" />
    <ClCompile Include="Message\DispatchRouter.cpp" />
    <ClCompile Include="Message\MessageSubscriber.cpp" />
    <ClCompile Include="Program\ImguiWrapper.cpp" />
    <ClCompile Include="Program\Program.cpp" />
    <ClCompile Include="Graphics\ShaderProgram.cpp" />
    <ClCompile Include="Graphics\SpriteRenderObject.cpp" />
    <ClCompile Include="pch.cpp" />
    <ClCompile Include="Graphics\Texture.cpp" />
    <ClCompile Include="Utilities\Color.cpp" />
    <ClCompile Include="glad.c" />
    <ClCompile Include="Program\Window.cpp" />
    <ClCompile Include="Utilities\OS.cpp" />
    <ClCompile Include="Object\Object.cpp" />
    <ClCompile Include="Functionalities\SpriteRenderingFunctionality.cpp" />
    <ClCompile Include="Policies\Scheduler.cpp" />
    <ClCompile Include="Randomizer\Randomizer.cpp" />
    <ClCompile Include="Program\GlfwFacade.cpp" />
    <ClCompile Include="Debugging\DebugSettingsSystem.cpp" />
    <ClCompile Include="Imgui\JsonInspector.cpp" />
    <ClCompile Include="Graphics\OpenGLFacade.cpp" />
    <ClCompile Include="Utilities\TimeKeeper.cpp" />
    <ClCompile Include="Imgui\FileSelector.cpp" />
    <ClCompile Include="Audio\AudioManager.cpp" />
    <ClCompile Include="Audio\AudioFile.cpp" />
    <ClCompile Include="Imgui\NodeGraphGui.cpp" />
    <ClCompile Include="NodeGraph\NodeGraph.cpp" />
    <ClCompile Include="Audio\AudioMixingNodeGraph.cpp" />
    <ClCompile Include="Imgui\Canvas.cpp" />
    <ClCompile Include="Audio\AudioNodeTypes.cpp" />
    <ClCompile Include="NodeGraph\NodeTypes.cpp" />
    <ClCompile Include="Threads\DataThreads.cpp" />
    <ClCompile Include="Threads\Routine.cpp" />
    <ClCompile Include="Threads\RoutineDebug.cpp" />
    <ClCompile Include="Threads\RoutineIds.cpp" />
    <ClCompile Include="Threads\RoutineMain.cpp" />
    <ClCompile Include="Threads\Thread.cpp" />
    <ClCompile Include="Audio\SoundEffectNodeGraph.cpp" />
  </ItemGroup>
  <ItemGroup>
    <ClInclude Include="Utilities\BezierCurve.h" />
    <ClInclude Include="Camera\Camera.h" />
    <ClInclude Include="Collision\ColliderDebug.h" />
    <ClInclude Include="Collision\CollisionComponent.h" />
    <ClInclude Include="Collision\CollisionFunctionality.h" />
    <ClInclude Include="Collision\Colliders.h" />
    <ClInclude Include="Collision\CollisionSystem.h" />
    <ClInclude Include="Constants.h" />
    <ClInclude Include="Debugging\DebugLineDrawer.h" />
    <ClInclude Include="Debugging\DebugLineRenderObject.h" />
    <ClInclude Include="Debugging\DebugLine.h" />
    <ClInclude Include="Functionalities\OwnerFunctionality.h" />
    <ClInclude Include="Functionalities\TransformFunctionality.h" />
    <ClInclude Include="Imgui\ImguiInclude.h" />
    <ClInclude Include="Input\InputItems.h" />
    <ClInclude Include="Input\InputSystem.h" />
    <ClInclude Include="Functionalities\ImpulseFunctionality.h" />
    <ClInclude Include="Object\ObjectImpulseRouter.h" />
    <ClInclude Include="Serialization\SerializationSystem.h" />
    <ClInclude Include="Utilities\MathUtility.h" />
    <ClInclude Include="Utilities\Stopwatch.h" />
    <ClInclude Include="Utilities\Debugging\Debugged.h" />
    <ClInclude Include="FileSystem\FileSystem.h" />
    <ClInclude Include="FileSystem\ReadFileAsStringJob.h" />
    <ClInclude Include="Graphics\EngineUniformBuffer.h" />
    <ClInclude Include="Imgui\DockSpace.h" />
    <ClInclude Include="Job\Job.h" />
    <ClInclude Include="Logging\FileLogger.h" />
    <ClInclude Include="Logging\ImGuiLogger.h" />
    <ClInclude Include="Logging\ConsoleLogger.h" />
    <ClInclude Include="Logging\LogMessageTags.h" />
    <ClInclude Include="Components\Component.h" />
    <ClInclude Include="Components\ComponentSystem.h" />
    <ClInclude Include="Components\SpriteComponent.h" />
    <ClInclude Include="Components\TransformComponent.h" />
    <ClInclude Include="Object\Dependency.h" />
    <ClInclude Include="Functionalities\SpriteRenderingFunctionality.h" />
    <ClInclude Include="Functionalities\Functionality.h" />
    <ClInclude Include="Functionalities\FunctionalitySystem.h" />
    <ClInclude Include="Object\Object.h" />
    <ClInclude Include="Program\Engine.h" />
    <ClInclude Include="Graphics\VertexAttributes.h" />
    <ClInclude Include="Message\DispatchableBuffer.h" />
    <ClInclude Include="Message\Messages.h" />
    <ClInclude Include="Graphics\RenderTarget.h" />
    <ClInclude Include="Graphics\ScreenPassRenderObject.h" />
    <ClInclude Include="System\SystemPtr.h" />
    <ClInclude Include="System\SystemContainer.h" />
    <ClInclude Include="System\System.h" />
    <ClInclude Include="Resources\CreateResource.h" />
    <ClInclude Include="Resources\Resource.h" />
    <ClInclude Include="Resources\ResourceProxy.h" />
    <ClInclude Include="Graphics\VertexBuffer.h" />
    <ClInclude Include="Graphics\Shader.h" />
    <ClInclude Include="Graphics\Renderer.h" />
    <ClInclude Include="Message\DataRouters.h" />
    <ClInclude Include="Message\DispatchRouter.h" />
    <ClInclude Include="Message\MessageTypes.h" />
    <ClInclude Include="Message\MessageSubscriber.h" />
    <ClInclude Include="Program\ImguiWrapper.h" />
    <ClInclude Include="Program\Program.h" />
    <ClInclude Include="Graphics\ShaderProgram.h" />
    <ClInclude Include="Graphics\RenderObject.h" />
    <ClInclude Include="Resources\ResourceSystem.h" />
    <ClInclude Include="Graphics\SpriteRenderObject.h" />
    <ClInclude Include="Graphics\UniformBuffer.h" />
    <ClInclude Include="Utilities\Matrix33.h" />
    <ClInclude Include="Utilities\OS.h" />
    <ClInclude Include="Utilities\plf_colony.h" />
    <ClInclude Include="Utilities\Singleton.h" />
    <ClInclude Include="pch.h" />
    <ClInclude Include="Graphics\Texture.h" />
    <ClInclude Include="Typedefs.h" />
    <ClInclude Include="Utilities\Color.h" />
    <ClInclude Include="Utilities\RestrictTypes.h" />
    <ClInclude Include="Utilities\Result.h" />
    <ClInclude Include="Program\Window.h" />
    <ClInclude Include="Utilities\Utility.h" />
    <ClInclude Include="Utilities\Vector.h" />
    <ClInclude Include="Graphics\VertexTypes.h" />
    <ClInclude Include="Graphics\VertexBufferArray.h" />
    <ClInclude Include="Graphics\RenderTarget.h" />
    <ClInclude Include="Graphics\ScreenPassRenderObject.h" />
    <ClInclude Include="Constants.h" />
    <ClInclude Include="Imgui\DockSpace.h" />
    <ClInclude Include="Graphics\UniformBuffer.h" />
    <ClInclude Include="Graphics\EngineUniformBuffer.h" />
    <ClInclude Include="Camera\Camera.h" />
    <ClInclude Include="Utilities\Matrix33.h" />
    <ClInclude Include="System\System.h" />
    <ClInclude Include="System\SystemContainer.h" />
    <ClInclude Include="System\SystemPtr.h" />
    <ClInclude Include="Resources\ResourceProxy.h" />
    <ClInclude Include="Job\Job.h" />
    <ClInclude Include="Resources\CreateResource.h" />
    <ClInclude Include="Resources\Resource.h" />
    <ClInclude Include="FileSystem\FileSystem.h" />
    <ClInclude Include="FileSystem\ReadFileAsStringJob.h" />
    <ClInclude Include="Resources\ResourceSystem.h" />
    <ClInclude Include="Logging\FileLogger.h" />
    <ClInclude Include="Utilities\OS.h" />
    <ClInclude Include="Utilities\plf_colony.h" />
    <ClInclude Include="Object\Object.h" />
    <ClInclude Include="Object\Dependency.h" />
    <ClInclude Include="Components\SpriteComponent.h" />
    <ClInclude Include="Components\TransformComponent.h" />
    <ClInclude Include="Functionalities\SpriteRenderingFunctionality.h" />
    <ClInclude Include="Functionalities\Functionality.h" />
    <ClInclude Include="Functionalities\FunctionalitySystem.h" />
    <ClInclude Include="Components\ComponentSystem.h" />
    <ClInclude Include="Components\Component.h" />
    <ClInclude Include="Threads\Thread.h" />
    <ClInclude Include="Threads\ThreadNaming.h" />
    <ClInclude Include="Threads\RoutineDebug.h" />
    <ClInclude Include="Utilities\Debugging\Debugged.h" />
    <ClInclude Include="Utilities\Stopwatch.h" />
    <ClInclude Include="Debugging\DebugLineDrawer.h" />
    <ClInclude Include="Debugging\DebugLine.h" />
    <ClInclude Include="Debugging\DebugLineRenderObject.h" />
    <ClInclude Include="Input\InputSystem.h" />
    <ClInclude Include="Input\InputItems.h" />
    <ClInclude Include="Utilities\MathUtility.h" />
    <ClInclude Include="Functionalities\TransformFunctionality.h" />
    <ClInclude Include="Imgui\ImguiInclude.h" />
    <ClInclude Include="pch.h" />
    <ClInclude Include="Collision\CollisionSystem.h" />
    <ClInclude Include="Collision\CollisionFunctionality.h" />
    <ClInclude Include="Collision\CollisionComponent.h" />
    <ClInclude Include="Collision\Colliders.h" />
    <ClInclude Include="Collision\ColliderDebug.h" />
    <ClInclude Include="Functionalities\ImpulseFunctionality.h" />
    <ClInclude Include="Object\ObjectImpulseRouter.h" />
    <ClInclude Include="Functionalities\OwnerFunctionality.h" />
    <ClInclude Include="Serialization\SerializationSystem.h" />
    <ClInclude Include="Randomizer\Randomizer.h" />
    <ClInclude Include="Functionalities\BaseFunctionality.h" />
    <ClInclude Include="Program\GlfwFacade.h" />
    <ClInclude Include="Debugging\DebugSettingsSystem.h" />
    <ClInclude Include="Functionalities\BaseFunctionality.h" />
    <ClInclude Include="Imgui\JsonInspector.h" />
    <ClInclude Include="Policies\Policy.h" />
    <ClInclude Include="Policies\Scheduler.h" />
    <ClInclude Include="Policies\SystemId.h" />
    <ClInclude Include="Graphics\OpenGLFacade.h" />
    <ClInclude Include="Utilities\TimeKeeper.h" />
    <ClInclude Include="Imgui\FileSelector.h" />
    <ClInclude Include="Audio\AudioManager.h" />
    <ClInclude Include="Audio\AudioStructs.h" />
    <ClInclude Include="Audio\AudioFile.h" />
    <ClInclude Include="Imgui\NodeGraphGui.h" />
    <ClInclude Include="NodeGraph\NodeGraph.h" />
    <ClInclude Include="Audio\AudioMixingNodeGraph.h" />
    <ClInclude Include="Audio\AudioNodeTypes.h" />
    <ClInclude Include="Imgui\Canvas.h" />
    <ClInclude Include="NodeGraph\CommonNodes.h" />
    <ClInclude Include="NodeGraph\NodeTypes.h" />
    <ClInclude Include="NodeGraph\SlotCustomization\SlotColors.h" />
    <ClInclude Include="NodeGraph\SlotCustomization\SlotSerialization.h" />
    <ClInclude Include="Threads\DataThreads.h" />
    <ClInclude Include="Threads\DoubleBuffer.h" />
    <ClInclude Include="Threads\Routine.h" />
    <ClInclude Include="Threads\RoutineDebug.h" />
    <ClInclude Include="Threads\RoutineIds.h" />
    <ClInclude Include="Threads\RoutineMain.h" />
    <ClInclude Include="Threads\Thread.h" />
    <ClInclude Include="Threads\ThreadNaming.h" />
    <ClInclude Include="NodeGraph\SlotCustomization\SlotInputEdits.h" />
    <ClInclude Include="Audio\SoundEffectNodeGraph.h" />
  </ItemGroup>
  <ItemGroup>
    <None Include="imgui.ini" />
    <None Include="Utilities\Matrix33.inl" />
    <None Include="NodeGraph\SlotCustomization\SlotCustomization.md" />
    <None Include="NodeGraph\Nodegraph.md" />
  </ItemGroup>
</Project>