<?xml version="1.0" encoding="utf-8"?>
<Project ToolsVersion="4.0" xmlns="http://schemas.microsoft.com/developer/msbuild/2003">
  <ItemGroup>
    <ClCompile Include="..\WonderMakeUtility\Source\DependencyInjector.cpp">
      <Filter>Source</Filter>
    </ClCompile>
    <ClCompile Include="..\External\gmock-1.11.0\Src\src\gmock-all.cc">
      <Filter>GTest</Filter>
    </ClCompile>
    <ClCompile Include="..\External\gtest-1.11.0\Src\src\gtest_main.cc">
      <Filter>GTest</Filter>
    </ClCompile>
    <ClCompile Include="..\External\gtest-1.11.0\Src\src\gtest-all.cc">
      <Filter>GTest</Filter>
    </ClCompile>
    <ClCompile Include="Tests\BindableTests.cpp">
      <Filter>Tests</Filter>
    </ClCompile>
    <ClCompile Include="Tests\DependencyInjectionTests.cpp">
      <Filter>Tests</Filter>
    </ClCompile>
    <ClCompile Include="Tests\GuidTests.cpp">
      <Filter>Tests</Filter>
    </ClCompile>
    <ClCompile Include="Tests\MemoryUnitTests.cpp">
      <Filter>Tests</Filter>
    </ClCompile>
    <ClCompile Include="Tests\AliasTests.cpp">
      <Filter>Tests</Filter>
    </ClCompile>
  </ItemGroup>
  <ItemGroup>
    <Filter Include="Tests">
      <UniqueIdentifier>{5bad6741-81de-4492-8a6d-ca9bda4ee54b}</UniqueIdentifier>
    </Filter>
    <Filter Include="Source">
      <UniqueIdentifier>{f687f71b-ca27-41a4-bae1-0a07715d4fe8}</UniqueIdentifier>
    </Filter>
    <Filter Include="Include">
      <UniqueIdentifier>{6cda30de-81e4-4239-8349-1244a17f955c}</UniqueIdentifier>
    </Filter>
    <Filter Include="GTest">
      <UniqueIdentifier>{fac2069d-e85c-4b1e-8f74-6bd6d15f8e90}</UniqueIdentifier>
    </Filter>
  </ItemGroup>
</Project>