<?xml version="1.0" encoding="utf-8"?>
<Project ToolsVersion="4.0" xmlns="http://schemas.microsoft.com/developer/msbuild/2003">
  <ItemGroup>
    <ClCompile Include="AliasTests.cpp">
      <Filter>Tests</Filter>
    </ClCompile>
    <ClCompile Include="DependencyInjectionTests.cpp">
      <Filter>Tests</Filter>
    </ClCompile>
    <ClCompile Include="..\WonderMakeUtility\Source\DependencyInjector.cpp">
      <Filter>Source</Filter>
    </ClCompile>
    <ClCompile Include="..\External\gtest-1.11.0\Src\src\gtest-all.cc">
      <Filter>Source</Filter>
    </ClCompile>
    <ClCompile Include="..\External\gmock-1.11.0\Src\src\gmock-all.cc">
      <Filter>Source</Filter>
    </ClCompile>
    <ClCompile Include="..\External\gtest-1.11.0\Src\src\gtest_main.cc">
      <Filter>Source</Filter>
    </ClCompile>
    <ClCompile Include="BindableTests.cpp">
      <Filter>Tests</Filter>
    </ClCompile>
    <ClCompile Include="MemoryUnitTests.cpp">
      <Filter>Tests</Filter>
    </ClCompile>
    <ClCompile Include="GuidTests.cpp">
      <Filter>Tests</Filter>
    </ClCompile>
  </ItemGroup>
  <ItemGroup>
    <Filter Include="Tests">
      <UniqueIdentifier>{5bad6741-81de-4492-8a6d-ca9bda4ee54b}</UniqueIdentifier>
    </Filter>
    <Filter Include="Source">
      <UniqueIdentifier>{f687f71b-ca27-41a4-bae1-0a07715d4fe8}</UniqueIdentifier>
    </Filter>
    <Filter Include="Include">
      <UniqueIdentifier>{6cda30de-81e4-4239-8349-1244a17f955c}</UniqueIdentifier>
    </Filter>
  </ItemGroup>
  <ItemGroup>
    <ClInclude Include="..\WonderMakeUtility\Include\WonderMakeUtility\DependencyInjector.h">
      <Filter>Include</Filter>
    </ClInclude>
    <ClInclude Include="..\WonderMakeUtility\Include\WonderMakeUtility\Alias.h">
      <Filter>Include</Filter>
    </ClInclude>
    <ClInclude Include="..\WonderMakeUtility\Include\WonderMakeUtility\Bindable.h">
      <Filter>Include</Filter>
    </ClInclude>
    <ClInclude Include="..\WonderMakeUtility\Include\WonderMakeUtility\MemoryUnit.h">
      <Filter>Include</Filter>
    </ClInclude>
  </ItemGroup>
</Project>