<?xml version="1.0" encoding="utf-8"?>
<Project ToolsVersion="4.0" xmlns="http://schemas.microsoft.com/developer/msbuild/2003">
  <ItemGroup>
    <Filter Include="Include">
      <UniqueIdentifier>{cb3ca9e3-b111-4db6-93a0-f848ad32028f}</UniqueIdentifier>
    </Filter>
    <Filter Include="Source">
      <UniqueIdentifier>{4f5c1cf3-7cb5-4335-bad4-16ead06a8434}</UniqueIdentifier>
    </Filter>
  </ItemGroup>
  <ItemGroup>
    <ClInclude Include="Include\WonderMakeUtility\Rotation.h">
      <Filter>Include</Filter>
    </ClInclude>
    <ClInclude Include="Include\WonderMakeUtility\Singleton.h">
      <Filter>Include</Filter>
    </ClInclude>
    <ClInclude Include="Include\WonderMakeUtility\Stopwatch.h">
      <Filter>Include</Filter>
    </ClInclude>
    <ClInclude Include="Include\WonderMakeUtility\UniqueFunction.h">
      <Filter>Include</Filter>
    </ClInclude>
    <ClInclude Include="Include\WonderMakeUtility\UniqueValue.h">
      <Filter>Include</Filter>
    </ClInclude>
    <ClInclude Include="Include\WonderMakeUtility\Utility.h">
      <Filter>Include</Filter>
    </ClInclude>
    <ClInclude Include="Include\WonderMakeUtility\Vector.h">
      <Filter>Include</Filter>
    </ClInclude>
    <ClInclude Include="Include\WonderMakeUtility\Alias.h">
      <Filter>Include</Filter>
    </ClInclude>
    <ClInclude Include="Include\WonderMakeUtility\AutoRegister.h">
      <Filter>Include</Filter>
    </ClInclude>
    <ClInclude Include="Include\WonderMakeUtility\DependencyInjector.h">
      <Filter>Include</Filter>
    </ClInclude>
    <ClInclude Include="Include\WonderMakeUtility\Line.h">
      <Filter>Include</Filter>
    </ClInclude>
    <ClInclude Include="Include\WonderMakeUtility\Math.h">
      <Filter>Include</Filter>
    </ClInclude>
    <ClInclude Include="Include\WonderMakeUtility\Matrix.h">
      <Filter>Include</Filter>
    </ClInclude>
    <ClInclude Include="Include\WonderMakeUtility\plf_colony.h">
      <Filter>Include</Filter>
    </ClInclude>
    <ClInclude Include="Include\WonderMakeUtility\RestrictTypes.h">
      <Filter>Include</Filter>
    </ClInclude>
    <ClInclude Include="Include\WonderMakeUtility\Typedefs.h">
      <Filter>Include</Filter>
    </ClInclude>
    <ClInclude Include="Include\WonderMakeUtility\Bindable.h">
      <Filter>Include</Filter>
    </ClInclude>
    <ClInclude Include="Include\WonderMakeUtility\MemoryUnit.h">
      <Filter>Include</Filter>
    </ClInclude>
    <ClInclude Include="Include\WonderMakeUtility\Result.h">
      <Filter>Include</Filter>
    </ClInclude>
    <ClInclude Include="Include\WonderMakeUtility\StringUtility.h">
      <Filter>Include</Filter>
    </ClInclude>
    <ClInclude Include="Include\WonderMakeUtility\WinPlatform.h">
      <Filter>Include</Filter>
    </ClInclude>
  </ItemGroup>
  <ItemGroup>
    <ClCompile Include="Source\DependencyInjector.cpp">
      <Filter>Source</Filter>
    </ClCompile>
    <ClCompile Include="Source\WinStringUtility.cpp">
      <Filter>Source</Filter>
    </ClCompile>
  </ItemGroup>
</Project>