<?xml version="1.0" encoding="utf-8"?>
<Project ToolsVersion="4.0" xmlns="http://schemas.microsoft.com/developer/msbuild/2003">
  <ItemGroup>
    <Filter Include="Include">
      <UniqueIdentifier>{d4b0571e-8355-49af-b4dc-f03aad8e0937}</UniqueIdentifier>
    </Filter>
    <Filter Include="Source">
      <UniqueIdentifier>{33ad318e-512e-4afe-8c50-e45e6db6089d}</UniqueIdentifier>
    </Filter>
  </ItemGroup>
</Project>