<?xml version="1.0" encoding="utf-8"?>
<Project ToolsVersion="4.0" xmlns="http://schemas.microsoft.com/developer/msbuild/2003">
  <ItemGroup>
    <ClCompile Include="..\External\gtest-1.11.0\Src\src\gtest-all.cc">
      <Filter>Source</Filter>
    </ClCompile>
    <ClCompile Include="..\External\gmock-1.11.0\Src\src\gmock-all.cc">
      <Filter>Source</Filter>
    </ClCompile>
    <ClCompile Include="..\External\gtest-1.11.0\Src\src\gtest_main.cc">
      <Filter>Source</Filter>
    </ClCompile>
    <ClCompile Include="WinIpcConnectionTests.cpp">
      <Filter>Tests</Filter>
    </ClCompile>
    <ClCompile Include="..\WonderMakeIo\Source\WinIpcConnection.cpp">
      <Filter>Source</Filter>
    </ClCompile>
    <ClCompile Include="WinFileSystemTests.cpp">
      <Filter>Tests</Filter>
    </ClCompile>
    <ClCompile Include="..\WonderMakeIo\Source\WinFileSystem.cpp">
      <Filter>Source</Filter>
    </ClCompile>
    <ClCompile Include="SocketDecoratorTests.cpp">
      <Filter>Tests</Filter>
    </ClCompile>
    <ClCompile Include="..\WonderMakeIo\Source\SocketDecorator.cpp">
      <Filter>Source</Filter>
    </ClCompile>
  </ItemGroup>
  <ItemGroup>
    <Filter Include="Include">
      <UniqueIdentifier>{6bfe9eca-acbc-4dea-ac52-4cb3d5f5ae03}</UniqueIdentifier>
    </Filter>
    <Filter Include="Tests">
      <UniqueIdentifier>{e67755af-c684-49ba-b684-f32f4f03de61}</UniqueIdentifier>
    </Filter>
    <Filter Include="Source">
      <UniqueIdentifier>{5603e959-1679-4ab9-920e-1d2ed8b83d7a}</UniqueIdentifier>
    </Filter>
  </ItemGroup>
  <ItemGroup>
    <ClInclude Include="..\WonderMakeIo\Source\WinIpcConnection.h">
      <Filter>Include</Filter>
    </ClInclude>
    <ClInclude Include="..\WonderMakeBase\Include\WonderMakeBase\WinPlatformSystem.h">
      <Filter>Include</Filter>
    </ClInclude>
    <ClInclude Include="..\WonderMakeBase\Include\WonderMakeBase\WinPlatform.h">
      <Filter>Include</Filter>
    </ClInclude>
    <ClInclude Include="..\WonderMakeBase\Include\WonderMakeBase\System.h">
      <Filter>Include</Filter>
    </ClInclude>
    <ClInclude Include="..\WonderMakeBase\Include\WonderMakeBase\SystemPolicy.h">
      <Filter>Include</Filter>
    </ClInclude>
    <ClInclude Include="..\WonderMakeBase\Include\WonderMakeBase\SystemTraits.h">
      <Filter>Include</Filter>
    </ClInclude>
    <ClInclude Include="..\WonderMakeUtility\Include\WonderMakeUtility\UniqueFunction.h">
      <Filter>Include</Filter>
    </ClInclude>
    <ClInclude Include="..\WonderMakeUtility\Include\WonderMakeUtility\RestrictTypes.h">
      <Filter>Include</Filter>
    </ClInclude>
    <ClInclude Include="..\WonderMakeBase\Include\WonderMakeBase\SystemId.h">
      <Filter>Include</Filter>
    </ClInclude>
    <ClInclude Include="..\WonderMakeUtility\Include\WonderMakeUtility\Utility.h">
      <Filter>Include</Filter>
    </ClInclude>
    <ClInclude Include="..\WonderMakeIo\Source\WinFileSystem.h">
      <Filter>Include</Filter>
    </ClInclude>
    <ClInclude Include="..\WonderMakeIo\Include\WonderMakeIo\SocketDecorator.h">
      <Filter>Include</Filter>
    </ClInclude>
    <ClInclude Include="..\WonderMakeIo\Include\WonderMakeIo\Socket.h">
      <Filter>Include</Filter>
    </ClInclude>
  </ItemGroup>
</Project>